
Microsoft Visual Studio Solution File, Format Version 12.00
# Visual Studio 2013
VisualStudioVersion = 12.0.31101.0
MinimumVisualStudioVersion = 10.0.40219.1
Project("{FAE04EC0-301F-11D3-BF4B-00C04F79EFBC}") = "PMS", "PMS\PMS.csproj", "{121DF067-437C-4BD0-84E2-E392781801E7}"
EndProject
Project("{2150E333-8FDC-42A3-9474-1A3956D46DE8}") = "Dependencies", "Dependencies", "{57B37C1F-4BD0-4C07-BED3-5FCF51BD756B}"
EndProject
Project("{FAE04EC0-301F-11D3-BF4B-00C04F79EFBC}") = "Core.Data", "Core.Data\Core.Data.csproj", "{CF4F4B23-3DB9-466E-8FAE-74A0DBA7A317}"
EndProject
Project("{FAE04EC0-301F-11D3-BF4B-00C04F79EFBC}") = "Core.Entites", "Core.Entites\Core.Entites.csproj", "{4E8B6654-5AA2-4F8D-8723-9B483377BCC7}"
EndProject
Project("{FAE04EC0-301F-11D3-BF4B-00C04F79EFBC}") = "Core.Services", "Core.Services\Core.Services.csproj", "{0A51B503-9A05-4619-A2EB-098C638FE341}"
EndProject
Project("{FAE04EC0-301F-11D3-BF4B-00C04F79EFBC}") = "Core.Logging", "Core.Logging\Core.Logging.csproj", "{A80A39BF-FFF7-4C19-84F5-9E7F6A2C5D47}"
EndProject
Global
	GlobalSection(SolutionConfigurationPlatforms) = preSolution
		Debug|Any CPU = Debug|Any CPU
		Release|Any CPU = Release|Any CPU
	EndGlobalSection
	GlobalSection(ProjectConfigurationPlatforms) = postSolution
		{121DF067-437C-4BD0-84E2-E392781801E7}.Debug|Any CPU.ActiveCfg = Debug|Any CPU
		{121DF067-437C-4BD0-84E2-E392781801E7}.Debug|Any CPU.Build.0 = Debug|Any CPU
		{121DF067-437C-4BD0-84E2-E392781801E7}.Release|Any CPU.ActiveCfg = Release|Any CPU
		{121DF067-437C-4BD0-84E2-E392781801E7}.Release|Any CPU.Build.0 = Release|Any CPU
		{CF4F4B23-3DB9-466E-8FAE-74A0DBA7A317}.Debug|Any CPU.ActiveCfg = Debug|Any CPU
		{CF4F4B23-3DB9-466E-8FAE-74A0DBA7A317}.Debug|Any CPU.Build.0 = Debug|Any CPU
		{CF4F4B23-3DB9-466E-8FAE-74A0DBA7A317}.Release|Any CPU.ActiveCfg = Release|Any CPU
		{CF4F4B23-3DB9-466E-8FAE-74A0DBA7A317}.Release|Any CPU.Build.0 = Release|Any CPU
		{4E8B6654-5AA2-4F8D-8723-9B483377BCC7}.Debug|Any CPU.ActiveCfg = Debug|Any CPU
		{4E8B6654-5AA2-4F8D-8723-9B483377BCC7}.Debug|Any CPU.Build.0 = Debug|Any CPU
		{4E8B6654-5AA2-4F8D-8723-9B483377BCC7}.Release|Any CPU.ActiveCfg = Release|Any CPU
		{4E8B6654-5AA2-4F8D-8723-9B483377BCC7}.Release|Any CPU.Build.0 = Release|Any CPU
		{0A51B503-9A05-4619-A2EB-098C638FE341}.Debug|Any CPU.ActiveCfg = Debug|Any CPU
		{0A51B503-9A05-4619-A2EB-098C638FE341}.Debug|Any CPU.Build.0 = Debug|Any CPU
		{0A51B503-9A05-4619-A2EB-098C638FE341}.Release|Any CPU.ActiveCfg = Release|Any CPU
		{0A51B503-9A05-4619-A2EB-098C638FE341}.Release|Any CPU.Build.0 = Release|Any CPU
		{A80A39BF-FFF7-4C19-84F5-9E7F6A2C5D47}.Debug|Any CPU.ActiveCfg = Debug|Any CPU
		{A80A39BF-FFF7-4C19-84F5-9E7F6A2C5D47}.Debug|Any CPU.Build.0 = Debug|Any CPU
		{A80A39BF-FFF7-4C19-84F5-9E7F6A2C5D47}.Release|Any CPU.ActiveCfg = Release|Any CPU
		{A80A39BF-FFF7-4C19-84F5-9E7F6A2C5D47}.Release|Any CPU.Build.0 = Release|Any CPU
	EndGlobalSection
	GlobalSection(SolutionProperties) = preSolution
		HideSolutionNode = FALSE
	EndGlobalSection
	GlobalSection(NestedProjects) = preSolution
		{CF4F4B23-3DB9-466E-8FAE-74A0DBA7A317} = {57B37C1F-4BD0-4C07-BED3-5FCF51BD756B}
		{4E8B6654-5AA2-4F8D-8723-9B483377BCC7} = {57B37C1F-4BD0-4C07-BED3-5FCF51BD756B}
		{0A51B503-9A05-4619-A2EB-098C638FE341} = {57B37C1F-4BD0-4C07-BED3-5FCF51BD756B}
		{A80A39BF-FFF7-4C19-84F5-9E7F6A2C5D47} = {57B37C1F-4BD0-4C07-BED3-5FCF51BD756B}
	EndGlobalSection
EndGlobal
